
Microsoft Visual Studio Solution File, Format Version 12.00
# Visual Studio Version 16
VisualStudioVersion = 16.0.31729.503
MinimumVisualStudioVersion = 10.0.40219.1
Project("{FAE04EC0-301F-11D3-BF4B-00C04F79EFBC}") = "FriendBot", "FriendBot\FriendBot.csproj", "{2CC33097-88B5-45C9-9C79-53718E07A142}"
EndProject
Global
	GlobalSection(SolutionConfigurationPlatforms) = preSolution
		Debug|Any CPU = Debug|Any CPU
		Release|Any CPU = Release|Any CPU
	EndGlobalSection
	GlobalSection(ProjectConfigurationPlatforms) = postSolution
		{2CC33097-88B5-45C9-9C79-53718E07A142}.Debug|Any CPU.ActiveCfg = Debug|Any CPU
		{2CC33097-88B5-45C9-9C79-53718E07A142}.Debug|Any CPU.Build.0 = Debug|Any CPU
		{2CC33097-88B5-45C9-9C79-53718E07A142}.Release|Any CPU.ActiveCfg = Release|Any CPU
		{2CC33097-88B5-45C9-9C79-53718E07A142}.Release|Any CPU.Build.0 = Release|Any CPU
	EndGlobalSection
	GlobalSection(SolutionProperties) = preSolution
		HideSolutionNode = FALSE
	EndGlobalSection
	GlobalSection(ExtensibilityGlobals) = postSolution
		SolutionGuid = {9B38E66F-A475-4570-B1D8-197D915F5C28}
	EndGlobalSection
EndGlobal
